# THIS IS AN AUTOGENERATED FILE. DO NOT EDIT THIS FILE DIRECTLY.
# yarn lockfile v1


"@grpc/grpc-js@^1.1.1":
  version "1.1.1"
  resolved "https://registry.yarnpkg.com/@grpc/grpc-js/-/grpc-js-1.1.1.tgz#56069fee48ba0667a0577a021504c573a6b613f0"
  integrity sha512-mhZRszS0SKwnWPJaNyrECePZ9U7vaHFGqrzxQbWinWR3WznBIU+nmh2L5J3elF+lp5DEUIzARXkifbs6LQVAHA==
  dependencies:
    semver "^6.2.0"

semver@^6.2.0:
  version "6.3.0"
  resolved "https://registry.yarnpkg.com/semver/-/semver-6.3.0.tgz#ee0a64c8af5e8ceea67687b133761e1becbd1d3d"
  integrity sha512-b39TBaTSfV6yBrapU89p5fKekE2m/NwnDocOVruQFS1/veMgdzuPcnOM34M6CwxW8jH/lxEa5rBoDeUwu5HHTw==
